
Microsoft Visual Studio Solution File, Format Version 12.00
# Visual Studio Version 17
VisualStudioVersion = 17.14.37531.7 d17.14
MinimumVisualStudioVersion = 10.0.40219.1
Project("{FAE04EC0-301F-11D3-BF4B-00C04F79EFBC}") = "CybersecurityBot", "CybersecurityBot\CybersecurityBot.csproj", "{A08509F2-557A-441C-97A4-6A26BFD56F73}"
EndProject
Global
	GlobalSection(SolutionConfigurationPlatforms) = preSolution
		Debug|Any CPU = Debug|Any CPU
		Release|Any CPU = Release|Any CPU
	EndGlobalSection
	GlobalSection(ProjectConfigurationPlatforms) = postSolution
		{A08509F2-557A-441C-97A4-6A26BFD56F73}.Debug|Any CPU.ActiveCfg = Debug|Any CPU
		{A08509F2-557A-441C-97A4-6A26BFD56F73}.Debug|Any CPU.Build.0 = Debug|Any CPU
		{A08509F2-557A-441C-97A4-6A26BFD56F73}.Release|Any CPU.ActiveCfg = Release|Any CPU
		{A08509F2-557A-441C-97A4-6A26BFD56F73}.Release|Any CPU.Build.0 = Release|Any CPU
	EndGlobalSection
	GlobalSection(SolutionProperties) = preSolution
		HideSolutionNode = FALSE
	EndGlobalSection
	GlobalSection(ExtensibilityGlobals) = postSolution
		SolutionGuid = {A90DF308-B342-470A-8191-D6C793132F4D}
	EndGlobalSection
EndGlobal
